
Microsoft Visual Studio Solution File, Format Version 12.00
# Visual Studio Version 17
VisualStudioVersion = 17.12.35506.116 d17.12
MinimumVisualStudioVersion = 10.0.40219.1
Project("{FAE04EC0-301F-11D3-BF4B-00C04F79EFBC}") = "Icecream.API", "Icecream.API\Icecream.API.csproj", "{CA474C6A-BFAE-4110-84D5-5203D4A4C4A3}"
EndProject
Project("{FAE04EC0-301F-11D3-BF4B-00C04F79EFBC}") = "Icecream.App", "Icecream.App\Icecream.App.csproj", "{9A3F6080-EBA1-413D-B5EB-90F0D5FD3907}"
EndProject
Project("{FAE04EC0-301F-11D3-BF4B-00C04F79EFBC}") = "Icecream.Shared", "Icecream.Shared\Icecream.Shared.csproj", "{40454EB1-08DA-4EFC-A6C1-8AA6D04FC023}"
EndProject
Global
	GlobalSection(SolutionConfigurationPlatforms) = preSolution
		Debug|Any CPU = Debug|Any CPU
		Release|Any CPU = Release|Any CPU
	EndGlobalSection
	GlobalSection(ProjectConfigurationPlatforms) = postSolution
		{CA474C6A-BFAE-4110-84D5-5203D4A4C4A3}.Debug|Any CPU.ActiveCfg = Debug|Any CPU
		{CA474C6A-BFAE-4110-84D5-5203D4A4C4A3}.Debug|Any CPU.Build.0 = Debug|Any CPU
		{CA474C6A-BFAE-4110-84D5-5203D4A4C4A3}.Release|Any CPU.ActiveCfg = Release|Any CPU
		{CA474C6A-BFAE-4110-84D5-5203D4A4C4A3}.Release|Any CPU.Build.0 = Release|Any CPU
		{9A3F6080-EBA1-413D-B5EB-90F0D5FD3907}.Debug|Any CPU.ActiveCfg = Debug|Any CPU
		{9A3F6080-EBA1-413D-B5EB-90F0D5FD3907}.Debug|Any CPU.Build.0 = Debug|Any CPU
		{9A3F6080-EBA1-413D-B5EB-90F0D5FD3907}.Debug|Any CPU.Deploy.0 = Debug|Any CPU
		{9A3F6080-EBA1-413D-B5EB-90F0D5FD3907}.Release|Any CPU.ActiveCfg = Release|Any CPU
		{9A3F6080-EBA1-413D-B5EB-90F0D5FD3907}.Release|Any CPU.Build.0 = Release|Any CPU
		{9A3F6080-EBA1-413D-B5EB-90F0D5FD3907}.Release|Any CPU.Deploy.0 = Release|Any CPU
		{40454EB1-08DA-4EFC-A6C1-8AA6D04FC023}.Debug|Any CPU.ActiveCfg = Debug|Any CPU
		{40454EB1-08DA-4EFC-A6C1-8AA6D04FC023}.Debug|Any CPU.Build.0 = Debug|Any CPU
		{40454EB1-08DA-4EFC-A6C1-8AA6D04FC023}.Release|Any CPU.ActiveCfg = Release|Any CPU
		{40454EB1-08DA-4EFC-A6C1-8AA6D04FC023}.Release|Any CPU.Build.0 = Release|Any CPU
	EndGlobalSection
	GlobalSection(SolutionProperties) = preSolution
		HideSolutionNode = FALSE
	EndGlobalSection
EndGlobal
